# generated by rye
# use `rye lock` or `rye sync` to update this lockfile
#
# last locked with the following flags:
#   pre: false
#   features: []
#   all-features: false
#   with-sources: false
#   generate-hashes: false
#   universal: false

-e file:.
cfgv==3.4.0
    # via pre-commit
distlib==0.3.8
    # via virtualenv
distwq @ git+https://github.com/iraikov/distwq.git@13aa4ab823d15a334a6e2761b6d2fa2a55125bc5
    # via dmosopt
filelock==3.15.4
    # via virtualenv
h5py==3.11.0
    # via dmosopt
identify==2.6.0
    # via pre-commit
joblib==1.4.2
    # via scikit-learn
mpi4py==4.0.0
    # via distwq
    # via dmosopt
nodeenv==1.9.1
    # via pre-commit
numpy==2.1.0
    # via distwq
    # via h5py
    # via scikit-learn
    # via scipy
platformdirs==4.2.2
    # via virtualenv
pre-commit==3.8.0
pyyaml==6.0.2
    # via pre-commit
scikit-learn==1.5.1
    # via dmosopt
scipy==1.14.1
    # via dmosopt
    # via scikit-learn
threadpoolctl==3.5.0
    # via scikit-learn
virtualenv==20.26.3
    # via pre-commit
