# generated by rye
# use `rye lock` or `rye sync` to update this lockfile
#
# last locked with the following flags:
#   pre: false
#   features: []
#   all-features: false
#   with-sources: false
#   generate-hashes: false
#   universal: false

-e file:.
distwq @ git+https://github.com/iraikov/distwq.git@60bc19ee5cbfd5f8385e380fb8bcc297f7bd5009
    # via dmosopt
h5py==3.11.0
    # via dmosopt
joblib==1.4.2
    # via scikit-learn
mpi4py==4.0.0
    # via distwq
    # via dmosopt
numpy==1.26.4
    # via distwq
    # via h5py
    # via scikit-learn
    # via scipy
scikit-learn==1.5.1
    # via dmosopt
scipy==1.14.1
    # via dmosopt
    # via scikit-learn
threadpoolctl==3.5.0
    # via scikit-learn
